
Microsoft Visual Studio Solution File, Format Version 12.00
# Visual Studio Version 16
VisualStudioVersion = 16.0.29009.5
MinimumVisualStudioVersion = 10.0.40219.1
Project("{9A19103F-16F7-4668-BE54-9A1E7A4F7556}") = "CocosCreatorFormsSample", "CocosCreatorFormsSample\CocosCreatorFormsSample.csproj", "{4D2B91E5-4746-4376-BA47-7E0B97A1C1D7}"
EndProject
Project("{FAE04EC0-301F-11D3-BF4B-00C04F79EFBC}") = "CocosCreatorFormsSample.Android", "CocosCreatorFormsSample.Android\CocosCreatorFormsSample.Android.csproj", "{A27848A1-EB3F-49AC-9051-0CCFABB1E654}"
EndProject
Project("{FAE04EC0-301F-11D3-BF4B-00C04F79EFBC}") = "CocosCreatorFormsSample.iOS", "CocosCreatorFormsSample.iOS\CocosCreatorFormsSample.iOS.csproj", "{AFE21BCF-B9F9-4341-9746-0D5EA0AD04A1}"
EndProject
Project("{9A19103F-16F7-4668-BE54-9A1E7A4F7556}") = "CocosCreatorSample", "CocosCreatorSample\CocosCreatorSample.csproj", "{285CAB71-207A-472E-A8AA-6F66E2D844B1}"
EndProject
Project("{FAE04EC0-301F-11D3-BF4B-00C04F79EFBC}") = "CocosCreatorSample.Android", "CocosCreatorSample.Android\CocosCreatorSample.Android.csproj", "{08B2C57E-65D2-4533-9431-DDDDD8A58F34}"
EndProject
Project("{FAE04EC0-301F-11D3-BF4B-00C04F79EFBC}") = "CocosCreatorSample.iOS", "CocosCreatorSample.iOS\CocosCreatorSample.iOS.csproj", "{28826857-504E-4E95-8646-C18BE208CF83}"
EndProject
Project("{FAE04EC0-301F-11D3-BF4B-00C04F79EFBC}") = "CocosCreatorPhysicSample.Android", "CocosCreatorPhysicSample.Android\CocosCreatorPhysicSample.Android.csproj", "{226C78ED-8FE8-4D02-B8A1-C490DFC36B6F}"
EndProject
Project("{FAE04EC0-301F-11D3-BF4B-00C04F79EFBC}") = "CocosCreatorPhysicSample.iOS", "CocosCreatorPhysicSample.iOS\CocosCreatorPhysicSample.iOS.csproj", "{159AA488-346B-4360-94B2-00BE2DE765CF}"
EndProject
Project("{FAE04EC0-301F-11D3-BF4B-00C04F79EFBC}") = "MinigameSample.Android", "MinigameSample.Android\MinigameSample.Android.csproj", "{C4613A8B-E751-4482-8982-6E33E90D4BEE}"
EndProject
Project("{FAE04EC0-301F-11D3-BF4B-00C04F79EFBC}") = "MinigameSample.iOS", "MinigameSample.iOS\MinigameSample.iOS.csproj", "{9918D19E-3998-41A8-81C2-860A99D3A23D}"
EndProject
Global
	GlobalSection(SolutionConfigurationPlatforms) = preSolution
		Debug|Any CPU = Debug|Any CPU
		Debug|iPhone = Debug|iPhone
		Debug|iPhoneSimulator = Debug|iPhoneSimulator
		Release|Any CPU = Release|Any CPU
		Release|iPhone = Release|iPhone
		Release|iPhoneSimulator = Release|iPhoneSimulator
	EndGlobalSection
	GlobalSection(ProjectConfigurationPlatforms) = postSolution
		{4D2B91E5-4746-4376-BA47-7E0B97A1C1D7}.Debug|Any CPU.ActiveCfg = Debug|Any CPU
		{4D2B91E5-4746-4376-BA47-7E0B97A1C1D7}.Debug|Any CPU.Build.0 = Debug|Any CPU
		{4D2B91E5-4746-4376-BA47-7E0B97A1C1D7}.Debug|iPhone.ActiveCfg = Debug|Any CPU
		{4D2B91E5-4746-4376-BA47-7E0B97A1C1D7}.Debug|iPhone.Build.0 = Debug|Any CPU
		{4D2B91E5-4746-4376-BA47-7E0B97A1C1D7}.Debug|iPhoneSimulator.ActiveCfg = Debug|Any CPU
		{4D2B91E5-4746-4376-BA47-7E0B97A1C1D7}.Debug|iPhoneSimulator.Build.0 = Debug|Any CPU
		{4D2B91E5-4746-4376-BA47-7E0B97A1C1D7}.Release|Any CPU.ActiveCfg = Release|Any CPU
		{4D2B91E5-4746-4376-BA47-7E0B97A1C1D7}.Release|Any CPU.Build.0 = Release|Any CPU
		{4D2B91E5-4746-4376-BA47-7E0B97A1C1D7}.Release|iPhone.ActiveCfg = Release|Any CPU
		{4D2B91E5-4746-4376-BA47-7E0B97A1C1D7}.Release|iPhone.Build.0 = Release|Any CPU
		{4D2B91E5-4746-4376-BA47-7E0B97A1C1D7}.Release|iPhoneSimulator.ActiveCfg = Release|Any CPU
		{4D2B91E5-4746-4376-BA47-7E0B97A1C1D7}.Release|iPhoneSimulator.Build.0 = Release|Any CPU
		{A27848A1-EB3F-49AC-9051-0CCFABB1E654}.Debug|Any CPU.ActiveCfg = Debug|Any CPU
		{A27848A1-EB3F-49AC-9051-0CCFABB1E654}.Debug|Any CPU.Build.0 = Debug|Any CPU
		{A27848A1-EB3F-49AC-9051-0CCFABB1E654}.Debug|Any CPU.Deploy.0 = Debug|Any CPU
		{A27848A1-EB3F-49AC-9051-0CCFABB1E654}.Debug|iPhone.ActiveCfg = Debug|Any CPU
		{A27848A1-EB3F-49AC-9051-0CCFABB1E654}.Debug|iPhone.Build.0 = Debug|Any CPU
		{A27848A1-EB3F-49AC-9051-0CCFABB1E654}.Debug|iPhone.Deploy.0 = Debug|Any CPU
		{A27848A1-EB3F-49AC-9051-0CCFABB1E654}.Debug|iPhoneSimulator.ActiveCfg = Debug|Any CPU
		{A27848A1-EB3F-49AC-9051-0CCFABB1E654}.Debug|iPhoneSimulator.Build.0 = Debug|Any CPU
		{A27848A1-EB3F-49AC-9051-0CCFABB1E654}.Debug|iPhoneSimulator.Deploy.0 = Debug|Any CPU
		{A27848A1-EB3F-49AC-9051-0CCFABB1E654}.Release|Any CPU.ActiveCfg = Release|Any CPU
		{A27848A1-EB3F-49AC-9051-0CCFABB1E654}.Release|Any CPU.Build.0 = Release|Any CPU
		{A27848A1-EB3F-49AC-9051-0CCFABB1E654}.Release|Any CPU.Deploy.0 = Release|Any CPU
		{A27848A1-EB3F-49AC-9051-0CCFABB1E654}.Release|iPhone.ActiveCfg = Release|Any CPU
		{A27848A1-EB3F-49AC-9051-0CCFABB1E654}.Release|iPhone.Build.0 = Release|Any CPU
		{A27848A1-EB3F-49AC-9051-0CCFABB1E654}.Release|iPhone.Deploy.0 = Release|Any CPU
		{A27848A1-EB3F-49AC-9051-0CCFABB1E654}.Release|iPhoneSimulator.ActiveCfg = Release|Any CPU
		{A27848A1-EB3F-49AC-9051-0CCFABB1E654}.Release|iPhoneSimulator.Build.0 = Release|Any CPU
		{A27848A1-EB3F-49AC-9051-0CCFABB1E654}.Release|iPhoneSimulator.Deploy.0 = Release|Any CPU
		{AFE21BCF-B9F9-4341-9746-0D5EA0AD04A1}.Debug|Any CPU.ActiveCfg = Debug|iPhone
		{AFE21BCF-B9F9-4341-9746-0D5EA0AD04A1}.Debug|iPhone.ActiveCfg = Debug|iPhone
		{AFE21BCF-B9F9-4341-9746-0D5EA0AD04A1}.Debug|iPhone.Build.0 = Debug|iPhone
		{AFE21BCF-B9F9-4341-9746-0D5EA0AD04A1}.Debug|iPhoneSimulator.ActiveCfg = Debug|iPhoneSimulator
		{AFE21BCF-B9F9-4341-9746-0D5EA0AD04A1}.Debug|iPhoneSimulator.Build.0 = Debug|iPhoneSimulator
		{AFE21BCF-B9F9-4341-9746-0D5EA0AD04A1}.Release|Any CPU.ActiveCfg = Release|iPhone
		{AFE21BCF-B9F9-4341-9746-0D5EA0AD04A1}.Release|iPhone.ActiveCfg = Release|iPhone
		{AFE21BCF-B9F9-4341-9746-0D5EA0AD04A1}.Release|iPhone.Build.0 = Release|iPhone
		{AFE21BCF-B9F9-4341-9746-0D5EA0AD04A1}.Release|iPhoneSimulator.ActiveCfg = Release|iPhoneSimulator
		{AFE21BCF-B9F9-4341-9746-0D5EA0AD04A1}.Release|iPhoneSimulator.Build.0 = Release|iPhoneSimulator
		{285CAB71-207A-472E-A8AA-6F66E2D844B1}.Debug|Any CPU.ActiveCfg = Debug|Any CPU
		{285CAB71-207A-472E-A8AA-6F66E2D844B1}.Debug|Any CPU.Build.0 = Debug|Any CPU
		{285CAB71-207A-472E-A8AA-6F66E2D844B1}.Debug|iPhone.ActiveCfg = Debug|Any CPU
		{285CAB71-207A-472E-A8AA-6F66E2D844B1}.Debug|iPhone.Build.0 = Debug|Any CPU
		{285CAB71-207A-472E-A8AA-6F66E2D844B1}.Debug|iPhoneSimulator.ActiveCfg = Debug|Any CPU
		{285CAB71-207A-472E-A8AA-6F66E2D844B1}.Debug|iPhoneSimulator.Build.0 = Debug|Any CPU
		{285CAB71-207A-472E-A8AA-6F66E2D844B1}.Release|Any CPU.ActiveCfg = Release|Any CPU
		{285CAB71-207A-472E-A8AA-6F66E2D844B1}.Release|Any CPU.Build.0 = Release|Any CPU
		{285CAB71-207A-472E-A8AA-6F66E2D844B1}.Release|iPhone.ActiveCfg = Release|Any CPU
		{285CAB71-207A-472E-A8AA-6F66E2D844B1}.Release|iPhone.Build.0 = Release|Any CPU
		{285CAB71-207A-472E-A8AA-6F66E2D844B1}.Release|iPhoneSimulator.ActiveCfg = Release|Any CPU
		{285CAB71-207A-472E-A8AA-6F66E2D844B1}.Release|iPhoneSimulator.Build.0 = Release|Any CPU
		{08B2C57E-65D2-4533-9431-DDDDD8A58F34}.Debug|Any CPU.ActiveCfg = Debug|Any CPU
		{08B2C57E-65D2-4533-9431-DDDDD8A58F34}.Debug|Any CPU.Build.0 = Debug|Any CPU
		{08B2C57E-65D2-4533-9431-DDDDD8A58F34}.Debug|Any CPU.Deploy.0 = Debug|Any CPU
		{08B2C57E-65D2-4533-9431-DDDDD8A58F34}.Debug|iPhone.ActiveCfg = Debug|Any CPU
		{08B2C57E-65D2-4533-9431-DDDDD8A58F34}.Debug|iPhone.Build.0 = Debug|Any CPU
		{08B2C57E-65D2-4533-9431-DDDDD8A58F34}.Debug|iPhone.Deploy.0 = Debug|Any CPU
		{08B2C57E-65D2-4533-9431-DDDDD8A58F34}.Debug|iPhoneSimulator.ActiveCfg = Debug|Any CPU
		{08B2C57E-65D2-4533-9431-DDDDD8A58F34}.Debug|iPhoneSimulator.Build.0 = Debug|Any CPU
		{08B2C57E-65D2-4533-9431-DDDDD8A58F34}.Debug|iPhoneSimulator.Deploy.0 = Debug|Any CPU
		{08B2C57E-65D2-4533-9431-DDDDD8A58F34}.Release|Any CPU.ActiveCfg = Release|Any CPU
		{08B2C57E-65D2-4533-9431-DDDDD8A58F34}.Release|Any CPU.Build.0 = Release|Any CPU
		{08B2C57E-65D2-4533-9431-DDDDD8A58F34}.Release|Any CPU.Deploy.0 = Release|Any CPU
		{08B2C57E-65D2-4533-9431-DDDDD8A58F34}.Release|iPhone.ActiveCfg = Release|Any CPU
		{08B2C57E-65D2-4533-9431-DDDDD8A58F34}.Release|iPhone.Build.0 = Release|Any CPU
		{08B2C57E-65D2-4533-9431-DDDDD8A58F34}.Release|iPhone.Deploy.0 = Release|Any CPU
		{08B2C57E-65D2-4533-9431-DDDDD8A58F34}.Release|iPhoneSimulator.ActiveCfg = Release|Any CPU
		{08B2C57E-65D2-4533-9431-DDDDD8A58F34}.Release|iPhoneSimulator.Build.0 = Release|Any CPU
		{08B2C57E-65D2-4533-9431-DDDDD8A58F34}.Release|iPhoneSimulator.Deploy.0 = Release|Any CPU
		{28826857-504E-4E95-8646-C18BE208CF83}.Debug|Any CPU.ActiveCfg = Debug|iPhone
		{28826857-504E-4E95-8646-C18BE208CF83}.Debug|iPhone.ActiveCfg = Debug|iPhone
		{28826857-504E-4E95-8646-C18BE208CF83}.Debug|iPhone.Build.0 = Debug|iPhone
		{28826857-504E-4E95-8646-C18BE208CF83}.Debug|iPhoneSimulator.ActiveCfg = Debug|iPhoneSimulator
		{28826857-504E-4E95-8646-C18BE208CF83}.Debug|iPhoneSimulator.Build.0 = Debug|iPhoneSimulator
		{28826857-504E-4E95-8646-C18BE208CF83}.Release|Any CPU.ActiveCfg = Release|iPhone
		{28826857-504E-4E95-8646-C18BE208CF83}.Release|iPhone.ActiveCfg = Release|iPhone
		{28826857-504E-4E95-8646-C18BE208CF83}.Release|iPhone.Build.0 = Release|iPhone
		{28826857-504E-4E95-8646-C18BE208CF83}.Release|iPhoneSimulator.ActiveCfg = Release|iPhoneSimulator
		{28826857-504E-4E95-8646-C18BE208CF83}.Release|iPhoneSimulator.Build.0 = Release|iPhoneSimulator
		{226C78ED-8FE8-4D02-B8A1-C490DFC36B6F}.Debug|Any CPU.ActiveCfg = Debug|Any CPU
		{226C78ED-8FE8-4D02-B8A1-C490DFC36B6F}.Debug|Any CPU.Build.0 = Debug|Any CPU
		{226C78ED-8FE8-4D02-B8A1-C490DFC36B6F}.Debug|Any CPU.Deploy.0 = Debug|Any CPU
		{226C78ED-8FE8-4D02-B8A1-C490DFC36B6F}.Debug|iPhone.ActiveCfg = Debug|Any CPU
		{226C78ED-8FE8-4D02-B8A1-C490DFC36B6F}.Debug|iPhone.Build.0 = Debug|Any CPU
		{226C78ED-8FE8-4D02-B8A1-C490DFC36B6F}.Debug|iPhone.Deploy.0 = Debug|Any CPU
		{226C78ED-8FE8-4D02-B8A1-C490DFC36B6F}.Debug|iPhoneSimulator.ActiveCfg = Debug|Any CPU
		{226C78ED-8FE8-4D02-B8A1-C490DFC36B6F}.Debug|iPhoneSimulator.Build.0 = Debug|Any CPU
		{226C78ED-8FE8-4D02-B8A1-C490DFC36B6F}.Debug|iPhoneSimulator.Deploy.0 = Debug|Any CPU
		{226C78ED-8FE8-4D02-B8A1-C490DFC36B6F}.Release|Any CPU.ActiveCfg = Release|Any CPU
		{226C78ED-8FE8-4D02-B8A1-C490DFC36B6F}.Release|Any CPU.Build.0 = Release|Any CPU
		{226C78ED-8FE8-4D02-B8A1-C490DFC36B6F}.Release|Any CPU.Deploy.0 = Release|Any CPU
		{226C78ED-8FE8-4D02-B8A1-C490DFC36B6F}.Release|iPhone.ActiveCfg = Release|Any CPU
		{226C78ED-8FE8-4D02-B8A1-C490DFC36B6F}.Release|iPhone.Build.0 = Release|Any CPU
		{226C78ED-8FE8-4D02-B8A1-C490DFC36B6F}.Release|iPhone.Deploy.0 = Release|Any CPU
		{226C78ED-8FE8-4D02-B8A1-C490DFC36B6F}.Release|iPhoneSimulator.ActiveCfg = Release|Any CPU
		{226C78ED-8FE8-4D02-B8A1-C490DFC36B6F}.Release|iPhoneSimulator.Build.0 = Release|Any CPU
		{226C78ED-8FE8-4D02-B8A1-C490DFC36B6F}.Release|iPhoneSimulator.Deploy.0 = Release|Any CPU
		{159AA488-346B-4360-94B2-00BE2DE765CF}.Debug|Any CPU.ActiveCfg = Debug|iPhone
		{159AA488-346B-4360-94B2-00BE2DE765CF}.Debug|iPhone.ActiveCfg = Debug|iPhone
		{159AA488-346B-4360-94B2-00BE2DE765CF}.Debug|iPhone.Build.0 = Debug|iPhone
		{159AA488-346B-4360-94B2-00BE2DE765CF}.Debug|iPhoneSimulator.ActiveCfg = Debug|iPhoneSimulator
		{159AA488-346B-4360-94B2-00BE2DE765CF}.Debug|iPhoneSimulator.Build.0 = Debug|iPhoneSimulator
		{159AA488-346B-4360-94B2-00BE2DE765CF}.Release|Any CPU.ActiveCfg = Release|iPhone
		{159AA488-346B-4360-94B2-00BE2DE765CF}.Release|iPhone.ActiveCfg = Release|iPhone
		{159AA488-346B-4360-94B2-00BE2DE765CF}.Release|iPhone.Build.0 = Release|iPhone
		{159AA488-346B-4360-94B2-00BE2DE765CF}.Release|iPhoneSimulator.ActiveCfg = Release|iPhoneSimulator
		{159AA488-346B-4360-94B2-00BE2DE765CF}.Release|iPhoneSimulator.Build.0 = Release|iPhoneSimulator
		{C4613A8B-E751-4482-8982-6E33E90D4BEE}.Debug|Any CPU.ActiveCfg = Debug|Any CPU
		{C4613A8B-E751-4482-8982-6E33E90D4BEE}.Debug|Any CPU.Build.0 = Debug|Any CPU
		{C4613A8B-E751-4482-8982-6E33E90D4BEE}.Debug|Any CPU.Deploy.0 = Debug|Any CPU
		{C4613A8B-E751-4482-8982-6E33E90D4BEE}.Debug|iPhone.ActiveCfg = Debug|Any CPU
		{C4613A8B-E751-4482-8982-6E33E90D4BEE}.Debug|iPhone.Build.0 = Debug|Any CPU
		{C4613A8B-E751-4482-8982-6E33E90D4BEE}.Debug|iPhone.Deploy.0 = Debug|Any CPU
		{C4613A8B-E751-4482-8982-6E33E90D4BEE}.Debug|iPhoneSimulator.ActiveCfg = Debug|Any CPU
		{C4613A8B-E751-4482-8982-6E33E90D4BEE}.Debug|iPhoneSimulator.Build.0 = Debug|Any CPU
		{C4613A8B-E751-4482-8982-6E33E90D4BEE}.Debug|iPhoneSimulator.Deploy.0 = Debug|Any CPU
		{C4613A8B-E751-4482-8982-6E33E90D4BEE}.Release|Any CPU.ActiveCfg = Release|Any CPU
		{C4613A8B-E751-4482-8982-6E33E90D4BEE}.Release|Any CPU.Build.0 = Release|Any CPU
		{C4613A8B-E751-4482-8982-6E33E90D4BEE}.Release|Any CPU.Deploy.0 = Release|Any CPU
		{C4613A8B-E751-4482-8982-6E33E90D4BEE}.Release|iPhone.ActiveCfg = Release|Any CPU
		{C4613A8B-E751-4482-8982-6E33E90D4BEE}.Release|iPhone.Build.0 = Release|Any CPU
		{C4613A8B-E751-4482-8982-6E33E90D4BEE}.Release|iPhone.Deploy.0 = Release|Any CPU
		{C4613A8B-E751-4482-8982-6E33E90D4BEE}.Release|iPhoneSimulator.ActiveCfg = Release|Any CPU
		{C4613A8B-E751-4482-8982-6E33E90D4BEE}.Release|iPhoneSimulator.Build.0 = Release|Any CPU
		{C4613A8B-E751-4482-8982-6E33E90D4BEE}.Release|iPhoneSimulator.Deploy.0 = Release|Any CPU
		{9918D19E-3998-41A8-81C2-860A99D3A23D}.Debug|Any CPU.ActiveCfg = Debug|iPhone
		{9918D19E-3998-41A8-81C2-860A99D3A23D}.Debug|iPhone.ActiveCfg = Debug|iPhone
		{9918D19E-3998-41A8-81C2-860A99D3A23D}.Debug|iPhone.Build.0 = Debug|iPhone
		{9918D19E-3998-41A8-81C2-860A99D3A23D}.Debug|iPhoneSimulator.ActiveCfg = Debug|iPhoneSimulator
		{9918D19E-3998-41A8-81C2-860A99D3A23D}.Debug|iPhoneSimulator.Build.0 = Debug|iPhoneSimulator
		{9918D19E-3998-41A8-81C2-860A99D3A23D}.Release|Any CPU.ActiveCfg = Release|iPhone
		{9918D19E-3998-41A8-81C2-860A99D3A23D}.Release|iPhone.ActiveCfg = Release|iPhone
		{9918D19E-3998-41A8-81C2-860A99D3A23D}.Release|iPhone.Build.0 = Release|iPhone
		{9918D19E-3998-41A8-81C2-860A99D3A23D}.Release|iPhoneSimulator.ActiveCfg = Release|iPhoneSimulator
		{9918D19E-3998-41A8-81C2-860A99D3A23D}.Release|iPhoneSimulator.Build.0 = Release|iPhoneSimulator
	EndGlobalSection
	GlobalSection(SolutionProperties) = preSolution
		HideSolutionNode = FALSE
	EndGlobalSection
	GlobalSection(ExtensibilityGlobals) = postSolution
		SolutionGuid = {613919A1-AFF7-4E7D-ABBC-354550295277}
	EndGlobalSection
EndGlobal
